
Microsoft Visual Studio Solution File, Format Version 12.00
# Visual Studio Version 17
VisualStudioVersion = 17.5.002.0
MinimumVisualStudioVersion = 10.0.40219.1
Project("{9A19103F-16F7-4668-BE54-9A1E7A4F7556}") = "app", "app.csproj", "{592E5C0E-79D9-4742-B3A9-FB6F2015B123}"
EndProject
Global
	GlobalSection(SolutionConfigurationPlatforms) = preSolution
		Debug|Any CPU = Debug|Any CPU
		Release|Any CPU = Release|Any CPU
	EndGlobalSection
	GlobalSection(ProjectConfigurationPlatforms) = postSolution
		{592E5C0E-79D9-4742-B3A9-FB6F2015B123}.Debug|Any CPU.ActiveCfg = Debug|Any CPU
		{592E5C0E-79D9-4742-B3A9-FB6F2015B123}.Debug|Any CPU.Build.0 = Debug|Any CPU
		{592E5C0E-79D9-4742-B3A9-FB6F2015B123}.Release|Any CPU.ActiveCfg = Release|Any CPU
		{592E5C0E-79D9-4742-B3A9-FB6F2015B123}.Release|Any CPU.Build.0 = Release|Any CPU
	EndGlobalSection
	GlobalSection(SolutionProperties) = preSolution
		HideSolutionNode = FALSE
	EndGlobalSection
	GlobalSection(ExtensibilityGlobals) = postSolution
		SolutionGuid = {144FB9A9-2744-40F6-810C-BC3EF710C474}
	EndGlobalSection
EndGlobal
